{
  "version": 4,
  "terraform_version": "1.2.5",
  "serial": 47,
  "lineage": "50f11a0a-9371-6deb-af39-3dc6f3e37cda",
  "outputs": {
    "external_ip_address": {
      "value": "62.84.114.243",
      "type": "string"
    },
    "internal_ip_address": {
      "value": "10.128.0.93",
      "type": "string"
    }
  },
  "resources": [
    {
      "mode": "managed",
      "type": "yandex_compute_instance",
      "name": "vm-1",
      "provider": "provider[\"registry.terraform.io/yandex-cloud/yandex\"]",
      "instances": [
        {
          "schema_version": 1,
          "attributes": {
            "allow_stopping_for_update": null,
            "boot_disk": [
              {
                "auto_delete": true,
                "device_name": "fhmilstesfidge3b9smo",
                "disk_id": "fhmilstesfidge3b9smo",
                "initialize_params": [
                  {
                    "description": "",
                    "image_id": "fd80qm01ah03dkqb14lc",
                    "name": "",
                    "size": 30,
                    "snapshot_id": "",
                    "type": "network-hdd"
                  }
                ],
                "mode": "READ_WRITE"
              }
            ],
            "created_at": "2022-07-25T09:44:16Z",
            "description": "",
            "folder_id": "b1ggoah947u3kc4j9m7i",
            "fqdn": "fhm0l2gm6rs0n9m5umsh.auto.internal",
            "hostname": "fhm0l2gm6rs0n9m5umsh",
            "id": "fhm0l2gm6rs0n9m5umsh",
            "labels": null,
            "metadata": {
              "serial-port-enable": "1",
              "user-data": "#cloud-config\nusers:\n  - name: student\n    groups: sudo\n    shell: /bin/bash\n    sudo: ['ALL=(ALL) NOPASSWD:ALL']\n    ssh_authorized_keys:\n      - ssh-rsa AAAAB3NzaC1yc2EAAAADAQABAAABAQCbe0dgBa3lFqSYyELOTj9uNFDD07u1rPHUyDI5VUmopPabU3EtyaOKNj+4ye/PUt2iv9Vu2WTbHVbj9SmJaApVI0GCHMY3NrXI+BUguSnKjtecpi4BSiJN6uUxmVHUNHbkWGuoOBX5oo+6fK8s5ne36QywL04HJmvtDQS9/wb1JUq0WOH8GR5kWHXvqtRs7vLzeVNH3BFYM+9tuNNBTVY3+AHs2vZH90S/EbwML4JttxwHgz/ZZ6CCCPrTGBZhroDNGL2dqhRGS01N+UHVUNO0nt8+CaGjwot43agboW3gEguMMjiHfFiNXgnCVEMJIGKJDqE2VGHo5AQ5gh+y6v+r student@fhmfcr5pto87rkevkqmj\n  - name: ansible\n    groups: sudo\n    shell: /bin/bash\n    sudo: ['ALL=(ALL) NOPASSWD:ALL']\n    lock_passwd: false\n    passwd: $6$w6L/0Q6tU$vw5y.nc6wH8AJtXDFdJ2NLi/dlOWkdczKdJB2WUiIDtqSeIMTiXyqpbnNnoTNuOMoCxnl9Iq5lGP0wVwJNMPa.\n    shell: /bin/bash\n    ssh_authorized_keys:\n      - ssh-rsa AAAAB3NzaC1yc2EAAAADAQABAAABAQCbe0dgBa3lFqSYyELOTj9uNFDD07u1rPHUyDI5VUmopPabU3EtyaOKNj+4ye/PUt2iv9Vu2WTbHVbj9SmJaApVI0GCHMY3NrXI+BUguSnKjtecpi4BSiJN6uUxmVHUNHbkWGuoOBX5oo+6fK8s5ne36QywL04HJmvtDQS9/wb1JUq0WOH8GR5kWHXvqtRs7vLzeVNH3BFYM+9tuNNBTVY3+AHs2vZH90S/EbwML4JttxwHgz/ZZ6CCCPrTGBZhroDNGL2dqhRGS01N+UHVUNO0nt8+CaGjwot43agboW3gEguMMjiHfFiNXgnCVEMJIGKJDqE2VGHo5AQ5gh+y6v+r student@fhmfcr5pto87rkevkqmj\n"
            },
            "name": "chapter5-lesson2-dmitriy-pashkov-vm-1",
            "network_acceleration_type": "standard",
            "network_interface": [
              {
                "dns_record": [],
                "index": 0,
                "ip_address": "10.128.0.93",
                "ipv4": true,
                "ipv6": false,
                "ipv6_address": "",
                "ipv6_dns_record": [],
                "mac_address": "d0:0d:a8:a1:63:6f",
                "nat": true,
                "nat_dns_record": [],
                "nat_ip_address": "62.84.114.243",
                "nat_ip_version": "IPV4",
                "security_group_ids": [],
                "subnet_id": "e9bq7u62i4q21jq25n5j"
              }
            ],
            "placement_policy": [
              {
                "placement_group_id": ""
              }
            ],
            "platform_id": "standard-v1",
            "resources": [
              {
                "core_fraction": 100,
                "cores": 2,
                "gpus": 0,
                "memory": 2
              }
            ],
            "scheduling_policy": [
              {
                "preemptible": false
              }
            ],
            "secondary_disk": [],
            "service_account_id": "",
            "status": "running",
            "timeouts": null,
            "zone": "ru-central1-a"
          },
          "sensitive_attributes": [],
          "private": "eyJlMmJmYjczMC1lY2FhLTExZTYtOGY4OC0zNDM2M2JjN2M0YzAiOnsiY3JlYXRlIjozMDAwMDAwMDAwMDAsImRlbGV0ZSI6MzAwMDAwMDAwMDAwLCJ1cGRhdGUiOjMwMDAwMDAwMDAwMH0sInNjaGVtYV92ZXJzaW9uIjoiMSJ9"
        }
      ]
    }
  ]
}
